<?xml version="1.0" encoding="utf-8"?>
<Project ToolsVersion="4.0" xmlns="http://schemas.microsoft.com/developer/msbuild/2003">
  <ItemGroup>
    <Filter Include="Source Files">
      <UniqueIdentifier>{4FC737F1-C7A5-4376-A066-2A32D752A2FF}</UniqueIdentifier>
      <Extensions>cpp;c;cc;cxx;c++;def;odl;idl;hpj;bat;asm;asmx</Extensions>
    </Filter>
    <Filter Include="Header Files">
      <UniqueIdentifier>{93995380-89BD-4b04-88EB-625FBE52EBFB}</UniqueIdentifier>
      <Extensions>h;hh;hpp;hxx;h++;hm;inl;inc;ipp;xsd</Extensions>
    </Filter>
    <Filter Include="Resource Files">
      <UniqueIdentifier>{67DA6AB6-F800-4c08-8B7A-83BB121AAD01}</UniqueIdentifier>
      <Extensions>rc;ico;cur;bmp;dlg;rc2;rct;bin;rgs;gif;jpg;jpeg;jpe;resx;tiff;tif;png;wav;mfcribbon-ms</Extensions>
    </Filter>
    <Filter Include="Source Files\SRC">
      <UniqueIdentifier>{48df8154-cdda-4e43-a61a-4278933d7bad}</UniqueIdentifier>
    </Filter>
    <Filter Include="Source Files\VENDORS">
      <UniqueIdentifier>{845b038a-7659-45cd-b328-d3980145dac2}</UniqueIdentifier>
    </Filter>
  </ItemGroup>
  <ItemGroup>
    <ClCompile Include="SRC\Main.cpp">
      <Filter>Source Files\SRC</Filter>
    </ClCompile>
    <ClCompile Include="VENDORS\Includes\imgui.cpp">
      <Filter>Source Files\VENDORS</Filter>
    </ClCompile>
    <ClCompile Include="VENDORS\Includes\imgui_demo.cpp">
      <Filter>Source Files\VENDORS</Filter>
    </ClCompile>
    <ClCompile Include="VENDORS\Includes\imgui_draw.cpp">
      <Filter>Source Files\VENDORS</Filter>
    </ClCompile>
    <ClCompile Include="VENDORS\Includes\imgui_impl_glfw.cpp">
      <Filter>Source Files\VENDORS</Filter>
    </ClCompile>
    <ClCompile Include="VENDORS\Includes\imgui_impl_opengl3.cpp">
      <Filter>Source Files\VENDORS</Filter>
    </ClCompile>
    <ClCompile Include="VENDORS\Includes\imgui_tables.cpp">
      <Filter>Source Files\VENDORS</Filter>
    </ClCompile>
    <ClCompile Include="VENDORS\Includes\imgui_widgets.cpp">
      <Filter>Source Files\VENDORS</Filter>
    </ClCompile>
    <ClCompile Include="TestCode.cpp">
      <Filter>Source Files\VENDORS</Filter>
    </ClCompile>
    <ClCompile Include="SRC\data_struct.cpp">
      <Filter>Source Files\SRC</Filter>
    </ClCompile>
    <ClCompile Include="SRC\ui.cpp">
      <Filter>Source Files\SRC</Filter>
    </ClCompile>
  </ItemGroup>
  <ItemGroup>
    <ClInclude Include="VENDORS\Includes\glfw3.h">
      <Filter>Source Files\VENDORS</Filter>
    </ClInclude>
    <ClInclude Include="VENDORS\Includes\glfw3native.h">
      <Filter>Source Files\VENDORS</Filter>
    </ClInclude>
    <ClInclude Include="VENDORS\Includes\imconfig.h">
      <Filter>Source Files\VENDORS</Filter>
    </ClInclude>
    <ClInclude Include="VENDORS\Includes\imgui.h">
      <Filter>Source Files\VENDORS</Filter>
    </ClInclude>
    <ClInclude Include="VENDORS\Includes\imgui_impl_glfw.h">
      <Filter>Source Files\VENDORS</Filter>
    </ClInclude>
    <ClInclude Include="VENDORS\Includes\imgui_impl_opengl3.h">
      <Filter>Source Files\VENDORS</Filter>
    </ClInclude>
    <ClInclude Include="VENDORS\Includes\imgui_internal.h">
      <Filter>Source Files\VENDORS</Filter>
    </ClInclude>
    <ClInclude Include="VENDORS\Includes\imstb_rectpack.h">
      <Filter>Source Files\VENDORS</Filter>
    </ClInclude>
    <ClInclude Include="VENDORS\Includes\imstb_textedit.h">
      <Filter>Source Files\VENDORS</Filter>
    </ClInclude>
    <ClInclude Include="VENDORS\Includes\imstb_truetype.h">
      <Filter>Source Files\VENDORS</Filter>
    </ClInclude>
    <ClInclude Include="VENDORS\Includes\imgui_impl_opengl3_loader.h">
      <Filter>Source Files\VENDORS</Filter>
    </ClInclude>
    <ClInclude Include="SRC\data_struct.h">
      <Filter>Source Files\SRC</Filter>
    </ClInclude>
    <ClInclude Include="SRC\ui.h">
      <Filter>Source Files\SRC</Filter>
    </ClInclude>
  </ItemGroup>
</Project>